
Microsoft Visual Studio Solution File, Format Version 12.00
# Visual Studio Version 16
VisualStudioVersion = 16.0.31424.327
MinimumVisualStudioVersion = 10.0.40219.1
Project("{9A19103F-16F7-4668-BE54-9A1E7A4F7556}") = "UsersCRUD", "UsersCRUD\UsersCRUD.csproj", "{FE7EA35A-CC19-4282-8A87-AC4FE89328F9}"
EndProject
Project("{9A19103F-16F7-4668-BE54-9A1E7A4F7556}") = "UsersCrud.Domain", "UsersCrud.Domain\UsersCrud.Domain.csproj", "{F14F2DD1-75F2-41E6-8A2D-77920EE9B803}"
EndProject
Project("{9A19103F-16F7-4668-BE54-9A1E7A4F7556}") = "UsersCrud.Infra.Data", "UsersCrud.Infra.Data\UsersCrud.Infra.Data.csproj", "{6F58B6FA-CBF9-461B-9B5A-E2B9159A4301}"
EndProject
Project("{9A19103F-16F7-4668-BE54-9A1E7A4F7556}") = "UsersCrud.Services", "UsersCrud.Services\UsersCrud.Services.csproj", "{01E44E73-7973-4481-8464-47958BAB9C06}"
EndProject
Project("{2150E333-8FDC-42A3-9474-1A3956D46DE8}") = "Application", "Application", "{52B40633-9652-4F86-AC9D-BB626E53D58D}"
EndProject
Project("{2150E333-8FDC-42A3-9474-1A3956D46DE8}") = "Tests", "Tests", "{108D70BF-591D-461A-AFE7-3C05F0FCE368}"
EndProject
Project("{9A19103F-16F7-4668-BE54-9A1E7A4F7556}") = "UsersCrud.Services.Test", "UsersCrud.Services.Test\UsersCrud.Services.Test.csproj", "{FEF234B5-51D2-49D1-80FB-F31EC8298502}"
EndProject
Project("{9A19103F-16F7-4668-BE54-9A1E7A4F7556}") = "UsersCrud.CrossCutting", "UsersCrud.Infra.Shared\UsersCrud.CrossCutting.csproj", "{DC4E7419-11AB-4F32-B1AF-C5AB4CA7F13C}"
EndProject
Global
	GlobalSection(SolutionConfigurationPlatforms) = preSolution
		Debug|Any CPU = Debug|Any CPU
		Release|Any CPU = Release|Any CPU
	EndGlobalSection
	GlobalSection(ProjectConfigurationPlatforms) = postSolution
		{FE7EA35A-CC19-4282-8A87-AC4FE89328F9}.Debug|Any CPU.ActiveCfg = Debug|Any CPU
		{FE7EA35A-CC19-4282-8A87-AC4FE89328F9}.Debug|Any CPU.Build.0 = Debug|Any CPU
		{FE7EA35A-CC19-4282-8A87-AC4FE89328F9}.Release|Any CPU.ActiveCfg = Release|Any CPU
		{FE7EA35A-CC19-4282-8A87-AC4FE89328F9}.Release|Any CPU.Build.0 = Release|Any CPU
		{F14F2DD1-75F2-41E6-8A2D-77920EE9B803}.Debug|Any CPU.ActiveCfg = Debug|Any CPU
		{F14F2DD1-75F2-41E6-8A2D-77920EE9B803}.Debug|Any CPU.Build.0 = Debug|Any CPU
		{F14F2DD1-75F2-41E6-8A2D-77920EE9B803}.Release|Any CPU.ActiveCfg = Release|Any CPU
		{F14F2DD1-75F2-41E6-8A2D-77920EE9B803}.Release|Any CPU.Build.0 = Release|Any CPU
		{6F58B6FA-CBF9-461B-9B5A-E2B9159A4301}.Debug|Any CPU.ActiveCfg = Debug|Any CPU
		{6F58B6FA-CBF9-461B-9B5A-E2B9159A4301}.Debug|Any CPU.Build.0 = Debug|Any CPU
		{6F58B6FA-CBF9-461B-9B5A-E2B9159A4301}.Release|Any CPU.ActiveCfg = Release|Any CPU
		{6F58B6FA-CBF9-461B-9B5A-E2B9159A4301}.Release|Any CPU.Build.0 = Release|Any CPU
		{01E44E73-7973-4481-8464-47958BAB9C06}.Debug|Any CPU.ActiveCfg = Debug|Any CPU
		{01E44E73-7973-4481-8464-47958BAB9C06}.Debug|Any CPU.Build.0 = Debug|Any CPU
		{01E44E73-7973-4481-8464-47958BAB9C06}.Release|Any CPU.ActiveCfg = Release|Any CPU
		{01E44E73-7973-4481-8464-47958BAB9C06}.Release|Any CPU.Build.0 = Release|Any CPU
		{FEF234B5-51D2-49D1-80FB-F31EC8298502}.Debug|Any CPU.ActiveCfg = Debug|Any CPU
		{FEF234B5-51D2-49D1-80FB-F31EC8298502}.Debug|Any CPU.Build.0 = Debug|Any CPU
		{FEF234B5-51D2-49D1-80FB-F31EC8298502}.Release|Any CPU.ActiveCfg = Release|Any CPU
		{FEF234B5-51D2-49D1-80FB-F31EC8298502}.Release|Any CPU.Build.0 = Release|Any CPU
		{DC4E7419-11AB-4F32-B1AF-C5AB4CA7F13C}.Debug|Any CPU.ActiveCfg = Debug|Any CPU
		{DC4E7419-11AB-4F32-B1AF-C5AB4CA7F13C}.Debug|Any CPU.Build.0 = Debug|Any CPU
		{DC4E7419-11AB-4F32-B1AF-C5AB4CA7F13C}.Release|Any CPU.ActiveCfg = Release|Any CPU
		{DC4E7419-11AB-4F32-B1AF-C5AB4CA7F13C}.Release|Any CPU.Build.0 = Release|Any CPU
	EndGlobalSection
	GlobalSection(SolutionProperties) = preSolution
		HideSolutionNode = FALSE
	EndGlobalSection
	GlobalSection(NestedProjects) = preSolution
		{FE7EA35A-CC19-4282-8A87-AC4FE89328F9} = {52B40633-9652-4F86-AC9D-BB626E53D58D}
		{F14F2DD1-75F2-41E6-8A2D-77920EE9B803} = {52B40633-9652-4F86-AC9D-BB626E53D58D}
		{6F58B6FA-CBF9-461B-9B5A-E2B9159A4301} = {52B40633-9652-4F86-AC9D-BB626E53D58D}
		{01E44E73-7973-4481-8464-47958BAB9C06} = {52B40633-9652-4F86-AC9D-BB626E53D58D}
		{FEF234B5-51D2-49D1-80FB-F31EC8298502} = {108D70BF-591D-461A-AFE7-3C05F0FCE368}
		{DC4E7419-11AB-4F32-B1AF-C5AB4CA7F13C} = {52B40633-9652-4F86-AC9D-BB626E53D58D}
	EndGlobalSection
	GlobalSection(ExtensibilityGlobals) = postSolution
		SolutionGuid = {42F3D18E-BD47-4CD2-B0B7-4CD7322FF268}
	EndGlobalSection
EndGlobal
